wares:
  just:
    repo: casey/just
    version: 1.57.0
    asset: just-1.57.0-x86_64-unknown-linux-musl.tar.gz
    digest: sha256:45b548094283cb9739af8f13273b8cddeee869f5b4ef2bb631b1f311cb566155
    system: false
blueprints:
  _self:
    repo: https://github.com/indium114/wares
    commit: b6c3e9f38b3b98c808e4815b8cc8090ecf4e0fe2
    builtcommit: ""
    artifacts: []
    system: false
  go:
    repo: https://codeberg.org/indium114/blank-repo
    commit: 3752c083ee286573af01ccae083ea90a9e585384
    builtcommit: 3752c083ee286573af01ccae083ea90a9e585384
    artifacts:
    - go/bin/go
    - go/bin/gofmt
    system: false
managers: {}
